// !$*UTF8*$!
{
	archiveVersion = 1;
	classes = {
	};
	objectVersion = 55;
	objects = {

/* Begin PBXBuildFile section */
		31D57A6628954B1900CC6301 /* AppDelegate.swift in Sources */ = {isa = PBXBuildFile; fileRef = 31D57A6528954B1900CC6301 /* AppDelegate.swift */; };
		31D57A6828954B1900CC6301 /* SceneDelegate.swift in Sources */ = {isa = PBXBuildFile; fileRef = 31D57A6728954B1900CC6301 /* SceneDelegate.swift */; };
		31D57A7028954B1900CC6301 /* FootballLeaguesApp.xcdatamodeld in Sources */ = {isa = PBXBuildFile; fileRef = 31D57A6E28954B1900CC6301 /* FootballLeaguesApp.xcdatamodeld */; };
		31D57A7228954B1900CC6301 /* Assets.xcassets in Resources */ = {isa = PBXBuildFile; fileRef = 31D57A7128954B1900CC6301 /* Assets.xcassets */; };
		31D57A7528954B1900CC6301 /* LaunchScreen.storyboard in Resources */ = {isa = PBXBuildFile; fileRef = 31D57A7328954B1900CC6301 /* LaunchScreen.storyboard */; };
		31D57A8028954B1900CC6301 /* FootballLeaguesAppTests.swift in Sources */ = {isa = PBXBuildFile; fileRef = 31D57A7F28954B1900CC6301 /* FootballLeaguesAppTests.swift */; };
		31D57A8A28954B1900CC6301 /* FootballLeaguesAppUITests.swift in Sources */ = {isa = PBXBuildFile; fileRef = 31D57A8928954B1900CC6301 /* FootballLeaguesAppUITests.swift */; };
		31D57A8C28954B1900CC6301 /* FootballLeaguesAppUITestsLaunchTests.swift in Sources */ = {isa = PBXBuildFile; fileRef = 31D57A8B28954B1900CC6301 /* FootballLeaguesAppUITestsLaunchTests.swift */; };
		31D57AA228954ECF00CC6301 /* LeaguesDisplayLogic.swift in Sources */ = {isa = PBXBuildFile; fileRef = 31D57AA128954ECF00CC6301 /* LeaguesDisplayLogic.swift */; };
		31D57AA428954EDE00CC6301 /* LeaguesPresenterLogic.swift in Sources */ = {isa = PBXBuildFile; fileRef = 31D57AA328954EDE00CC6301 /* LeaguesPresenterLogic.swift */; };
		31D57AA628954EF200CC6301 /* LeaguesAssembly.swift in Sources */ = {isa = PBXBuildFile; fileRef = 31D57AA528954EF200CC6301 /* LeaguesAssembly.swift */; };
		31D57AA828954EFD00CC6301 /* LeaguesPresenter.swift in Sources */ = {isa = PBXBuildFile; fileRef = 31D57AA728954EFD00CC6301 /* LeaguesPresenter.swift */; };
		31D57AAA28954F0E00CC6301 /* LeaguesViewController.swift in Sources */ = {isa = PBXBuildFile; fileRef = 31D57AA928954F0E00CC6301 /* LeaguesViewController.swift */; };
		31D57AAD28954F8800CC6301 /* SeasonsDisplayLogic.swift in Sources */ = {isa = PBXBuildFile; fileRef = 31D57AAC28954F8800CC6301 /* SeasonsDisplayLogic.swift */; };
		31D57AAF28954F9500CC6301 /* SeasonsPresenterLogic.swift in Sources */ = {isa = PBXBuildFile; fileRef = 31D57AAE28954F9500CC6301 /* SeasonsPresenterLogic.swift */; };
		31D57AB128954F9F00CC6301 /* SeasonsPresenter.swift in Sources */ = {isa = PBXBuildFile; fileRef = 31D57AB028954F9F00CC6301 /* SeasonsPresenter.swift */; };
		31D57AB328954FB500CC6301 /* SeasonsAssembly.swift in Sources */ = {isa = PBXBuildFile; fileRef = 31D57AB228954FB500CC6301 /* SeasonsAssembly.swift */; };
		31D57AB528954FC100CC6301 /* SeasonsViewController.swift in Sources */ = {isa = PBXBuildFile; fileRef = 31D57AB428954FC100CC6301 /* SeasonsViewController.swift */; };
		31D57AB828954FD900CC6301 /* StatsDisplayLogic.swift in Sources */ = {isa = PBXBuildFile; fileRef = 31D57AB728954FD900CC6301 /* StatsDisplayLogic.swift */; };
		31D57ABA28954FE800CC6301 /* StatsPresenterLogic.swift in Sources */ = {isa = PBXBuildFile; fileRef = 31D57AB928954FE800CC6301 /* StatsPresenterLogic.swift */; };
		31D57ABC28954FF300CC6301 /* StatsAssembly.swift in Sources */ = {isa = PBXBuildFile; fileRef = 31D57ABB28954FF300CC6301 /* StatsAssembly.swift */; };
		31D57ABE28954FFC00CC6301 /* StatsPresenter.swift in Sources */ = {isa = PBXBuildFile; fileRef = 31D57ABD28954FFC00CC6301 /* StatsPresenter.swift */; };
		31D57AC02895500500CC6301 /* StatsViewController.swift in Sources */ = {isa = PBXBuildFile; fileRef = 31D57ABF2895500500CC6301 /* StatsViewController.swift */; };
		31D57AC62895598600CC6301 /* StatsCell.swift in Sources */ = {isa = PBXBuildFile; fileRef = 31D57AC52895598600CC6301 /* StatsCell.swift */; };
		31D57AC82895599800CC6301 /* SeasonCell.swift in Sources */ = {isa = PBXBuildFile; fileRef = 31D57AC72895599800CC6301 /* SeasonCell.swift */; };
		31D57ACA289559A700CC6301 /* LeagueCell.swift in Sources */ = {isa = PBXBuildFile; fileRef = 31D57AC9289559A700CC6301 /* LeagueCell.swift */; };
		31DBF3392895C8E800B133E6 /* ColorHelper.swift in Sources */ = {isa = PBXBuildFile; fileRef = 31DBF3382895C8E800B133E6 /* ColorHelper.swift */; };
		31DBF33B2895CA9C00B133E6 /* UIView+ext.swift in Sources */ = {isa = PBXBuildFile; fileRef = 31DBF33A2895CA9C00B133E6 /* UIView+ext.swift */; };
		31DBF3472895DD4300B133E6 /* NoteStatus.swift in Sources */ = {isa = PBXBuildFile; fileRef = 31DBF3462895DD4300B133E6 /* NoteStatus.swift */; };
		31DBF34F2895E22400B133E6 /* StatsTitle.swift in Sources */ = {isa = PBXBuildFile; fileRef = 31DBF34E2895E22400B133E6 /* StatsTitle.swift */; };
		31DBF3512895FA1000B133E6 /* ImageCache.swift in Sources */ = {isa = PBXBuildFile; fileRef = 31DBF3502895FA1000B133E6 /* ImageCache.swift */; };
		31DBF353289602D800B133E6 /* StatsView.swift in Sources */ = {isa = PBXBuildFile; fileRef = 31DBF352289602D800B133E6 /* StatsView.swift */; };
		31DBF355289602ED00B133E6 /* StatsView+Model.swift in Sources */ = {isa = PBXBuildFile; fileRef = 31DBF354289602ED00B133E6 /* StatsView+Model.swift */; };
		31DBF3582896794800B133E6 /* NavigationClickableView.swift in Sources */ = {isa = PBXBuildFile; fileRef = 31DBF3572896794800B133E6 /* NavigationClickableView.swift */; };
		31DBF35E289690DF00B133E6 /* SeasonPicker.swift in Sources */ = {isa = PBXBuildFile; fileRef = 31DBF35D289690DF00B133E6 /* SeasonPicker.swift */; };
		31DBF3612896917C00B133E6 /* SeasonPicker+Model.swift in Sources */ = {isa = PBXBuildFile; fileRef = 31DBF3602896917C00B133E6 /* SeasonPicker+Model.swift */; };
		31F7F2D2289578110059FCF5 /* LeagueResponse.swift in Sources */ = {isa = PBXBuildFile; fileRef = 31F7F2D1289578110059FCF5 /* LeagueResponse.swift */; };
		31F7F2D5289579410059FCF5 /* NetworkManager.swift in Sources */ = {isa = PBXBuildFile; fileRef = 31F7F2D4289579410059FCF5 /* NetworkManager.swift */; };
		31F7F2D828957CF70059FCF5 /* SeasonsResponse.swift in Sources */ = {isa = PBXBuildFile; fileRef = 31F7F2D728957CF70059FCF5 /* SeasonsResponse.swift */; };
		31F7F2DA289580430059FCF5 /* StandingsResponse.swift in Sources */ = {isa = PBXBuildFile; fileRef = 31F7F2D9289580430059FCF5 /* StandingsResponse.swift */; };
		31F7F2DC289585040059FCF5 /* NetworkServiceConstants.swift in Sources */ = {isa = PBXBuildFile; fileRef = 31F7F2DB289585040059FCF5 /* NetworkServiceConstants.swift */; };
		31F7F2E1289596390059FCF5 /* TextHelper.swift in Sources */ = {isa = PBXBuildFile; fileRef = 31F7F2E0289596390059FCF5 /* TextHelper.swift */; };
		31F7F2E4289598EF0059FCF5 /* ImageView+ext.swift in Sources */ = {isa = PBXBuildFile; fileRef = 31F7F2E3289598EF0059FCF5 /* ImageView+ext.swift */; };
		31F7F2E62895A4480059FCF5 /* BaseViewController.swift in Sources */ = {isa = PBXBuildFile; fileRef = 31F7F2E52895A4480059FCF5 /* BaseViewController.swift */; };
		31F7F2EE2895A8F80059FCF5 /* SeasonsModel.swift in Sources */ = {isa = PBXBuildFile; fileRef = 31F7F2ED2895A8F80059FCF5 /* SeasonsModel.swift */; };
		31F7F2F02895A91A0059FCF5 /* StatsModel.swift in Sources */ = {isa = PBXBuildFile; fileRef = 31F7F2EF2895A91A0059FCF5 /* StatsModel.swift */; };
		31F7F2F22895A92D0059FCF5 /* LeagueCellModel.swift in Sources */ = {isa = PBXBuildFile; fileRef = 31F7F2F12895A92D0059FCF5 /* LeagueCellModel.swift */; };
		31F7F2F62895A94A0059FCF5 /* SeasonCellModel.swift in Sources */ = {isa = PBXBuildFile; fileRef = 31F7F2F52895A94A0059FCF5 /* SeasonCellModel.swift */; };
		31F7F2F82895A9540059FCF5 /* StatsCellModel.swift in Sources */ = {isa = PBXBuildFile; fileRef = 31F7F2F72895A9540059FCF5 /* StatsCellModel.swift */; };
		31F7F2FA2895B25B0059FCF5 /* DateHelper.swift in Sources */ = {isa = PBXBuildFile; fileRef = 31F7F2F92895B25B0059FCF5 /* DateHelper.swift */; };
/* End PBXBuildFile section */

/* Begin PBXContainerItemProxy section */
		31D57A7C28954B1900CC6301 /* PBXContainerItemProxy */ = {
			isa = PBXContainerItemProxy;
			containerPortal = 31D57A5A28954B1900CC6301 /* Project object */;
			proxyType = 1;
			remoteGlobalIDString = 31D57A6128954B1900CC6301;
			remoteInfo = FootballLeaguesApp;
		};
		31D57A8628954B1900CC6301 /* PBXContainerItemProxy */ = {
			isa = PBXContainerItemProxy;
			containerPortal = 31D57A5A28954B1900CC6301 /* Project object */;
			proxyType = 1;
			remoteGlobalIDString = 31D57A6128954B1900CC6301;
			remoteInfo = FootballLeaguesApp;
		};
/* End PBXContainerItemProxy section */

/* Begin PBXFileReference section */
		31D57A6228954B1900CC6301 /* FootballLeaguesApp.app */ = {isa = PBXFileReference; explicitFileType = wrapper.application; includeInIndex = 0; path = FootballLeaguesApp.app; sourceTree = BUILT_PRODUCTS_DIR; };
		31D57A6528954B1900CC6301 /* AppDelegate.swift */ = {isa = PBXFileReference; lastKnownFileType = sourcecode.swift; path = AppDelegate.swift; sourceTree = "<group>"; };
		31D57A6728954B1900CC6301 /* SceneDelegate.swift */ = {isa = PBXFileReference; lastKnownFileType = sourcecode.swift; path = SceneDelegate.swift; sourceTree = "<group>"; };
		31D57A6F28954B1900CC6301 /* FootballLeaguesApp.xcdatamodel */ = {isa = PBXFileReference; lastKnownFileType = wrapper.xcdatamodel; path = FootballLeaguesApp.xcdatamodel; sourceTree = "<group>"; };
		31D57A7128954B1900CC6301 /* Assets.xcassets */ = {isa = PBXFileReference; lastKnownFileType = folder.assetcatalog; path = Assets.xcassets; sourceTree = "<group>"; };
		31D57A7428954B1900CC6301 /* Base */ = {isa = PBXFileReference; lastKnownFileType = file.storyboard; name = Base; path = Base.lproj/LaunchScreen.storyboard; sourceTree = "<group>"; };
		31D57A7628954B1900CC6301 /* Info.plist */ = {isa = PBXFileReference; lastKnownFileType = text.plist.xml; path = Info.plist; sourceTree = "<group>"; };
		31D57A7B28954B1900CC6301 /* FootballLeaguesAppTests.xctest */ = {isa = PBXFileReference; explicitFileType = wrapper.cfbundle; includeInIndex = 0; path = FootballLeaguesAppTests.xctest; sourceTree = BUILT_PRODUCTS_DIR; };
		31D57A7F28954B1900CC6301 /* FootballLeaguesAppTests.swift */ = {isa = PBXFileReference; lastKnownFileType = sourcecode.swift; path = FootballLeaguesAppTests.swift; sourceTree = "<group>"; };
		31D57A8528954B1900CC6301 /* FootballLeaguesAppUITests.xctest */ = {isa = PBXFileReference; explicitFileType = wrapper.cfbundle; includeInIndex = 0; path = FootballLeaguesAppUITests.xctest; sourceTree = BUILT_PRODUCTS_DIR; };
		31D57A8928954B1900CC6301 /* FootballLeaguesAppUITests.swift */ = {isa = PBXFileReference; lastKnownFileType = sourcecode.swift; path = FootballLeaguesAppUITests.swift; sourceTree = "<group>"; };
		31D57A8B28954B1900CC6301 /* FootballLeaguesAppUITestsLaunchTests.swift */ = {isa = PBXFileReference; lastKnownFileType = sourcecode.swift; path = FootballLeaguesAppUITestsLaunchTests.swift; sourceTree = "<group>"; };
		31D57AA128954ECF00CC6301 /* LeaguesDisplayLogic.swift */ = {isa = PBXFileReference; lastKnownFileType = sourcecode.swift; path = LeaguesDisplayLogic.swift; sourceTree = "<group>"; };
		31D57AA328954EDE00CC6301 /* LeaguesPresenterLogic.swift */ = {isa = PBXFileReference; lastKnownFileType = sourcecode.swift; path = LeaguesPresenterLogic.swift; sourceTree = "<group>"; };
		31D57AA528954EF200CC6301 /* LeaguesAssembly.swift */ = {isa = PBXFileReference; lastKnownFileType = sourcecode.swift; path = LeaguesAssembly.swift; sourceTree = "<group>"; };
		31D57AA728954EFD00CC6301 /* LeaguesPresenter.swift */ = {isa = PBXFileReference; lastKnownFileType = sourcecode.swift; path = LeaguesPresenter.swift; sourceTree = "<group>"; };
		31D57AA928954F0E00CC6301 /* LeaguesViewController.swift */ = {isa = PBXFileReference; lastKnownFileType = sourcecode.swift; path = LeaguesViewController.swift; sourceTree = "<group>"; };
		31D57AAC28954F8800CC6301 /* SeasonsDisplayLogic.swift */ = {isa = PBXFileReference; lastKnownFileType = sourcecode.swift; path = SeasonsDisplayLogic.swift; sourceTree = "<group>"; };
		31D57AAE28954F9500CC6301 /* SeasonsPresenterLogic.swift */ = {isa = PBXFileReference; lastKnownFileType = sourcecode.swift; path = SeasonsPresenterLogic.swift; sourceTree = "<group>"; };
		31D57AB028954F9F00CC6301 /* SeasonsPresenter.swift */ = {isa = PBXFileReference; lastKnownFileType = sourcecode.swift; path = SeasonsPresenter.swift; sourceTree = "<group>"; };
		31D57AB228954FB500CC6301 /* SeasonsAssembly.swift */ = {isa = PBXFileReference; lastKnownFileType = sourcecode.swift; path = SeasonsAssembly.swift; sourceTree = "<group>"; };
		31D57AB428954FC100CC6301 /* SeasonsViewController.swift */ = {isa = PBXFileReference; lastKnownFileType = sourcecode.swift; path = SeasonsViewController.swift; sourceTree = "<group>"; };
		31D57AB728954FD900CC6301 /* StatsDisplayLogic.swift */ = {isa = PBXFileReference; lastKnownFileType = sourcecode.swift; path = StatsDisplayLogic.swift; sourceTree = "<group>"; };
		31D57AB928954FE800CC6301 /* StatsPresenterLogic.swift */ = {isa = PBXFileReference; lastKnownFileType = sourcecode.swift; path = StatsPresenterLogic.swift; sourceTree = "<group>"; };
		31D57ABB28954FF300CC6301 /* StatsAssembly.swift */ = {isa = PBXFileReference; lastKnownFileType = sourcecode.swift; path = StatsAssembly.swift; sourceTree = "<group>"; };
		31D57ABD28954FFC00CC6301 /* StatsPresenter.swift */ = {isa = PBXFileReference; lastKnownFileType = sourcecode.swift; path = StatsPresenter.swift; sourceTree = "<group>"; };
		31D57ABF2895500500CC6301 /* StatsViewController.swift */ = {isa = PBXFileReference; lastKnownFileType = sourcecode.swift; path = StatsViewController.swift; sourceTree = "<group>"; };
		31D57AC52895598600CC6301 /* StatsCell.swift */ = {isa = PBXFileReference; lastKnownFileType = sourcecode.swift; path = StatsCell.swift; sourceTree = "<group>"; };
		31D57AC72895599800CC6301 /* SeasonCell.swift */ = {isa = PBXFileReference; lastKnownFileType = sourcecode.swift; path = SeasonCell.swift; sourceTree = "<group>"; };
		31D57AC9289559A700CC6301 /* LeagueCell.swift */ = {isa = PBXFileReference; lastKnownFileType = sourcecode.swift; path = LeagueCell.swift; sourceTree = "<group>"; };
		31DBF3382895C8E800B133E6 /* ColorHelper.swift */ = {isa = PBXFileReference; lastKnownFileType = sourcecode.swift; path = ColorHelper.swift; sourceTree = "<group>"; };
		31DBF33A2895CA9C00B133E6 /* UIView+ext.swift */ = {isa = PBXFileReference; lastKnownFileType = sourcecode.swift; path = "UIView+ext.swift"; sourceTree = "<group>"; };
		31DBF3462895DD4300B133E6 /* NoteStatus.swift */ = {isa = PBXFileReference; lastKnownFileType = sourcecode.swift; path = NoteStatus.swift; sourceTree = "<group>"; };
		31DBF34E2895E22400B133E6 /* StatsTitle.swift */ = {isa = PBXFileReference; lastKnownFileType = sourcecode.swift; path = StatsTitle.swift; sourceTree = "<group>"; };
		31DBF3502895FA1000B133E6 /* ImageCache.swift */ = {isa = PBXFileReference; lastKnownFileType = sourcecode.swift; path = ImageCache.swift; sourceTree = "<group>"; };
		31DBF352289602D800B133E6 /* StatsView.swift */ = {isa = PBXFileReference; lastKnownFileType = sourcecode.swift; path = StatsView.swift; sourceTree = "<group>"; };
		31DBF354289602ED00B133E6 /* StatsView+Model.swift */ = {isa = PBXFileReference; lastKnownFileType = sourcecode.swift; path = "StatsView+Model.swift"; sourceTree = "<group>"; };
		31DBF3572896794800B133E6 /* NavigationClickableView.swift */ = {isa = PBXFileReference; lastKnownFileType = sourcecode.swift; path = NavigationClickableView.swift; sourceTree = "<group>"; };
		31DBF35D289690DF00B133E6 /* SeasonPicker.swift */ = {isa = PBXFileReference; lastKnownFileType = sourcecode.swift; path = SeasonPicker.swift; sourceTree = "<group>"; };
		31DBF3602896917C00B133E6 /* SeasonPicker+Model.swift */ = {isa = PBXFileReference; lastKnownFileType = sourcecode.swift; path = "SeasonPicker+Model.swift"; sourceTree = "<group>"; };
		31F7F2D1289578110059FCF5 /* LeagueResponse.swift */ = {isa = PBXFileReference; lastKnownFileType = sourcecode.swift; path = LeagueResponse.swift; sourceTree = "<group>"; };
		31F7F2D4289579410059FCF5 /* NetworkManager.swift */ = {isa = PBXFileReference; lastKnownFileType = sourcecode.swift; path = NetworkManager.swift; sourceTree = "<group>"; };
		31F7F2D728957CF70059FCF5 /* SeasonsResponse.swift */ = {isa = PBXFileReference; lastKnownFileType = sourcecode.swift; path = SeasonsResponse.swift; sourceTree = "<group>"; };
		31F7F2D9289580430059FCF5 /* StandingsResponse.swift */ = {isa = PBXFileReference; lastKnownFileType = sourcecode.swift; path = StandingsResponse.swift; sourceTree = "<group>"; };
		31F7F2DB289585040059FCF5 /* NetworkServiceConstants.swift */ = {isa = PBXFileReference; lastKnownFileType = sourcecode.swift; path = NetworkServiceConstants.swift; sourceTree = "<group>"; };
		31F7F2E0289596390059FCF5 /* TextHelper.swift */ = {isa = PBXFileReference; lastKnownFileType = sourcecode.swift; path = TextHelper.swift; sourceTree = "<group>"; };
		31F7F2E3289598EF0059FCF5 /* ImageView+ext.swift */ = {isa = PBXFileReference; lastKnownFileType = sourcecode.swift; path = "ImageView+ext.swift"; sourceTree = "<group>"; };
		31F7F2E52895A4480059FCF5 /* BaseViewController.swift */ = {isa = PBXFileReference; lastKnownFileType = sourcecode.swift; path = BaseViewController.swift; sourceTree = "<group>"; };
		31F7F2ED2895A8F80059FCF5 /* SeasonsModel.swift */ = {isa = PBXFileReference; lastKnownFileType = sourcecode.swift; path = SeasonsModel.swift; sourceTree = "<group>"; };
		31F7F2EF2895A91A0059FCF5 /* StatsModel.swift */ = {isa = PBXFileReference; lastKnownFileType = sourcecode.swift; path = StatsModel.swift; sourceTree = "<group>"; };
		31F7F2F12895A92D0059FCF5 /* LeagueCellModel.swift */ = {isa = PBXFileReference; lastKnownFileType = sourcecode.swift; path = LeagueCellModel.swift; sourceTree = "<group>"; };
		31F7F2F52895A94A0059FCF5 /* SeasonCellModel.swift */ = {isa = PBXFileReference; lastKnownFileType = sourcecode.swift; path = SeasonCellModel.swift; sourceTree = "<group>"; };
		31F7F2F72895A9540059FCF5 /* StatsCellModel.swift */ = {isa = PBXFileReference; lastKnownFileType = sourcecode.swift; path = StatsCellModel.swift; sourceTree = "<group>"; };
		31F7F2F92895B25B0059FCF5 /* DateHelper.swift */ = {isa = PBXFileReference; lastKnownFileType = sourcecode.swift; path = DateHelper.swift; sourceTree = "<group>"; };
/* End PBXFileReference section */

/* Begin PBXFrameworksBuildPhase section */
		31D57A5F28954B1900CC6301 /* Frameworks */ = {
			isa = PBXFrameworksBuildPhase;
			buildActionMask = 2147483647;
			files = (
			);
			runOnlyForDeploymentPostprocessing = 0;
		};
		31D57A7828954B1900CC6301 /* Frameworks */ = {
			isa = PBXFrameworksBuildPhase;
			buildActionMask = 2147483647;
			files = (
			);
			runOnlyForDeploymentPostprocessing = 0;
		};
		31D57A8228954B1900CC6301 /* Frameworks */ = {
			isa = PBXFrameworksBuildPhase;
			buildActionMask = 2147483647;
			files = (
			);
			runOnlyForDeploymentPostprocessing = 0;
		};
/* End PBXFrameworksBuildPhase section */

/* Begin PBXGroup section */
		31D57A5928954B1900CC6301 = {
			isa = PBXGroup;
			children = (
				31D57A6428954B1900CC6301 /* FootballLeaguesApp */,
				31D57A7E28954B1900CC6301 /* FootballLeaguesAppTests */,
				31D57A8828954B1900CC6301 /* FootballLeaguesAppUITests */,
				31D57A6328954B1900CC6301 /* Products */,
			);
			sourceTree = "<group>";
		};
		31D57A6328954B1900CC6301 /* Products */ = {
			isa = PBXGroup;
			children = (
				31D57A6228954B1900CC6301 /* FootballLeaguesApp.app */,
				31D57A7B28954B1900CC6301 /* FootballLeaguesAppTests.xctest */,
				31D57A8528954B1900CC6301 /* FootballLeaguesAppUITests.xctest */,
			);
			name = Products;
			sourceTree = "<group>";
		};
		31D57A6428954B1900CC6301 /* FootballLeaguesApp */ = {
			isa = PBXGroup;
			children = (
				31DBF3432895DD2C00B133E6 /* Constants */,
				31DBF33E2895DC6B00B133E6 /* Views */,
				31F7F2E2289598D10059FCF5 /* Extensions */,
				31F7F2DF2895962D0059FCF5 /* Helpers */,
				31D57AC12895593B00CC6301 /* Cells */,
				31D57A9C28954CD100CC6301 /* Services */,
				31D57A9B28954C2600CC6301 /* Controller */,
				31D57A9A28954C1E00CC6301 /* Models */,
				31D57A9928954C1700CC6301 /* Resources */,
				31D57A9828954C0C00CC6301 /* Application */,
				31D57A6E28954B1900CC6301 /* FootballLeaguesApp.xcdatamodeld */,
			);
			path = FootballLeaguesApp;
			sourceTree = "<group>";
		};
		31D57A7E28954B1900CC6301 /* FootballLeaguesAppTests */ = {
			isa = PBXGroup;
			children = (
				31D57A7F28954B1900CC6301 /* FootballLeaguesAppTests.swift */,
			);
			path = FootballLeaguesAppTests;
			sourceTree = "<group>";
		};
		31D57A8828954B1900CC6301 /* FootballLeaguesAppUITests */ = {
			isa = PBXGroup;
			children = (
				31D57A8928954B1900CC6301 /* FootballLeaguesAppUITests.swift */,
				31D57A8B28954B1900CC6301 /* FootballLeaguesAppUITestsLaunchTests.swift */,
			);
			path = FootballLeaguesAppUITests;
			sourceTree = "<group>";
		};
		31D57A9828954C0C00CC6301 /* Application */ = {
			isa = PBXGroup;
			children = (
				31D57A7628954B1900CC6301 /* Info.plist */,
				31D57A7328954B1900CC6301 /* LaunchScreen.storyboard */,
				31D57A6728954B1900CC6301 /* SceneDelegate.swift */,
				31D57A6528954B1900CC6301 /* AppDelegate.swift */,
			);
			path = Application;
			sourceTree = "<group>";
		};
		31D57A9928954C1700CC6301 /* Resources */ = {
			isa = PBXGroup;
			children = (
				31D57A7128954B1900CC6301 /* Assets.xcassets */,
			);
			path = Resources;
			sourceTree = "<group>";
		};
		31D57A9A28954C1E00CC6301 /* Models */ = {
			isa = PBXGroup;
			children = (
				31F7F2EC2895A8E60059FCF5 /* ControllerModels */,
				31F7F2EB2895A8E00059FCF5 /* CellModels */,
				31F7F2D0289577FA0059FCF5 /* NetworkModels */,
			);
			path = Models;
			sourceTree = "<group>";
		};
		31D57A9B28954C2600CC6301 /* Controller */ = {
			isa = PBXGroup;
			children = (
				31D57A9F28954E3C00CC6301 /* Stats */,
				31D57A9E28954E3600CC6301 /* Seasons */,
				31D57A9D28954CDE00CC6301 /* Leagues */,
				31F7F2E52895A4480059FCF5 /* BaseViewController.swift */,
			);
			path = Controller;
			sourceTree = "<group>";
		};
		31D57A9C28954CD100CC6301 /* Services */ = {
			isa = PBXGroup;
			children = (
				31F7F2D3289579300059FCF5 /* NetworkService */,
			);
			path = Services;
			sourceTree = "<group>";
		};
		31D57A9D28954CDE00CC6301 /* Leagues */ = {
			isa = PBXGroup;
			children = (
				31D57AA028954E4400CC6301 /* Protocols */,
				31D57AA528954EF200CC6301 /* LeaguesAssembly.swift */,
				31D57AA728954EFD00CC6301 /* LeaguesPresenter.swift */,
				31D57AA928954F0E00CC6301 /* LeaguesViewController.swift */,
			);
			path = Leagues;
			sourceTree = "<group>";
		};
		31D57A9E28954E3600CC6301 /* Seasons */ = {
			isa = PBXGroup;
			children = (
				31D57AAB28954F2500CC6301 /* Protocols */,
				31D57AB028954F9F00CC6301 /* SeasonsPresenter.swift */,
				31D57AB228954FB500CC6301 /* SeasonsAssembly.swift */,
				31D57AB428954FC100CC6301 /* SeasonsViewController.swift */,
			);
			path = Seasons;
			sourceTree = "<group>";
		};
		31D57A9F28954E3C00CC6301 /* Stats */ = {
			isa = PBXGroup;
			children = (
				31D57AB628954FC800CC6301 /* Protocols */,
				31D57ABB28954FF300CC6301 /* StatsAssembly.swift */,
				31D57ABD28954FFC00CC6301 /* StatsPresenter.swift */,
				31D57ABF2895500500CC6301 /* StatsViewController.swift */,
			);
			path = Stats;
			sourceTree = "<group>";
		};
		31D57AA028954E4400CC6301 /* Protocols */ = {
			isa = PBXGroup;
			children = (
				31D57AA128954ECF00CC6301 /* LeaguesDisplayLogic.swift */,
				31D57AA328954EDE00CC6301 /* LeaguesPresenterLogic.swift */,
			);
			path = Protocols;
			sourceTree = "<group>";
		};
		31D57AAB28954F2500CC6301 /* Protocols */ = {
			isa = PBXGroup;
			children = (
				31D57AAC28954F8800CC6301 /* SeasonsDisplayLogic.swift */,
				31D57AAE28954F9500CC6301 /* SeasonsPresenterLogic.swift */,
			);
			path = Protocols;
			sourceTree = "<group>";
		};
		31D57AB628954FC800CC6301 /* Protocols */ = {
			isa = PBXGroup;
			children = (
				31D57AB728954FD900CC6301 /* StatsDisplayLogic.swift */,
				31D57AB928954FE800CC6301 /* StatsPresenterLogic.swift */,
			);
			path = Protocols;
			sourceTree = "<group>";
		};
		31D57AC12895593B00CC6301 /* Cells */ = {
			isa = PBXGroup;
			children = (
				31D57AC52895598600CC6301 /* StatsCell.swift */,
				31D57AC72895599800CC6301 /* SeasonCell.swift */,
				31D57AC9289559A700CC6301 /* LeagueCell.swift */,
			);
			path = Cells;
			sourceTree = "<group>";
		};
		31DBF33E2895DC6B00B133E6 /* Views */ = {
			isa = PBXGroup;
			children = (
				31DBF35F2896912200B133E6 /* SeasonPicker */,
				31DBF3562896792900B133E6 /* StatsView */,
				31DBF3572896794800B133E6 /* NavigationClickableView.swift */,
			);
			path = Views;
			sourceTree = "<group>";
		};
		31DBF3432895DD2C00B133E6 /* Constants */ = {
			isa = PBXGroup;
			children = (
				31DBF3462895DD4300B133E6 /* NoteStatus.swift */,
				31DBF34E2895E22400B133E6 /* StatsTitle.swift */,
			);
			path = Constants;
			sourceTree = "<group>";
		};
		31DBF3562896792900B133E6 /* StatsView */ = {
			isa = PBXGroup;
			children = (
				31DBF352289602D800B133E6 /* StatsView.swift */,
				31DBF354289602ED00B133E6 /* StatsView+Model.swift */,
			);
			path = StatsView;
			sourceTree = "<group>";
		};
		31DBF35F2896912200B133E6 /* SeasonPicker */ = {
			isa = PBXGroup;
			children = (
				31DBF35D289690DF00B133E6 /* SeasonPicker.swift */,
				31DBF3602896917C00B133E6 /* SeasonPicker+Model.swift */,
			);
			path = SeasonPicker;
			sourceTree = "<group>";
		};
		31F7F2D0289577FA0059FCF5 /* NetworkModels */ = {
			isa = PBXGroup;
			children = (
				31F7F2D1289578110059FCF5 /* LeagueResponse.swift */,
				31F7F2D728957CF70059FCF5 /* SeasonsResponse.swift */,
				31F7F2D9289580430059FCF5 /* StandingsResponse.swift */,
			);
			path = NetworkModels;
			sourceTree = "<group>";
		};
		31F7F2D3289579300059FCF5 /* NetworkService */ = {
			isa = PBXGroup;
			children = (
				31F7F2D4289579410059FCF5 /* NetworkManager.swift */,
				31F7F2DB289585040059FCF5 /* NetworkServiceConstants.swift */,
			);
			path = NetworkService;
			sourceTree = "<group>";
		};
		31F7F2DF2895962D0059FCF5 /* Helpers */ = {
			isa = PBXGroup;
			children = (
				31F7F2E0289596390059FCF5 /* TextHelper.swift */,
				31F7F2F92895B25B0059FCF5 /* DateHelper.swift */,
				31DBF3382895C8E800B133E6 /* ColorHelper.swift */,
				31DBF3502895FA1000B133E6 /* ImageCache.swift */,
			);
			path = Helpers;
			sourceTree = "<group>";
		};
		31F7F2E2289598D10059FCF5 /* Extensions */ = {
			isa = PBXGroup;
			children = (
				31F7F2E3289598EF0059FCF5 /* ImageView+ext.swift */,
				31DBF33A2895CA9C00B133E6 /* UIView+ext.swift */,
			);
			path = Extensions;
			sourceTree = "<group>";
		};
		31F7F2EB2895A8E00059FCF5 /* CellModels */ = {
			isa = PBXGroup;
			children = (
				31F7F2F12895A92D0059FCF5 /* LeagueCellModel.swift */,
				31F7F2F52895A94A0059FCF5 /* SeasonCellModel.swift */,
				31F7F2F72895A9540059FCF5 /* StatsCellModel.swift */,
			);
			path = CellModels;
			sourceTree = "<group>";
		};
		31F7F2EC2895A8E60059FCF5 /* ControllerModels */ = {
			isa = PBXGroup;
			children = (
				31F7F2ED2895A8F80059FCF5 /* SeasonsModel.swift */,
				31F7F2EF2895A91A0059FCF5 /* StatsModel.swift */,
			);
			path = ControllerModels;
			sourceTree = "<group>";
		};
/* End PBXGroup section */

/* Begin PBXNativeTarget section */
		31D57A6128954B1900CC6301 /* FootballLeaguesApp */ = {
			isa = PBXNativeTarget;
			buildConfigurationList = 31D57A8F28954B1900CC6301 /* Build configuration list for PBXNativeTarget "FootballLeaguesApp" */;
			buildPhases = (
				31D57A5E28954B1900CC6301 /* Sources */,
				31D57A5F28954B1900CC6301 /* Frameworks */,
				31D57A6028954B1900CC6301 /* Resources */,
			);
			buildRules = (
			);
			dependencies = (
			);
			name = FootballLeaguesApp;
			productName = FootballLeaguesApp;
			productReference = 31D57A6228954B1900CC6301 /* FootballLeaguesApp.app */;
			productType = "com.apple.product-type.application";
		};
		31D57A7A28954B1900CC6301 /* FootballLeaguesAppTests */ = {
			isa = PBXNativeTarget;
			buildConfigurationList = 31D57A9228954B1900CC6301 /* Build configuration list for PBXNativeTarget "FootballLeaguesAppTests" */;
			buildPhases = (
				31D57A7728954B1900CC6301 /* Sources */,
				31D57A7828954B1900CC6301 /* Frameworks */,
				31D57A7928954B1900CC6301 /* Resources */,
			);
			buildRules = (
			);
			dependencies = (
				31D57A7D28954B1900CC6301 /* PBXTargetDependency */,
			);
			name = FootballLeaguesAppTests;
			productName = FootballLeaguesAppTests;
			productReference = 31D57A7B28954B1900CC6301 /* FootballLeaguesAppTests.xctest */;
			productType = "com.apple.product-type.bundle.unit-test";
		};
		31D57A8428954B1900CC6301 /* FootballLeaguesAppUITests */ = {
			isa = PBXNativeTarget;
			buildConfigurationList = 31D57A9528954B1900CC6301 /* Build configuration list for PBXNativeTarget "FootballLeaguesAppUITests" */;
			buildPhases = (
				31D57A8128954B1900CC6301 /* Sources */,
				31D57A8228954B1900CC6301 /* Frameworks */,
				31D57A8328954B1900CC6301 /* Resources */,
			);
			buildRules = (
			);
			dependencies = (
				31D57A8728954B1900CC6301 /* PBXTargetDependency */,
			);
			name = FootballLeaguesAppUITests;
			productName = FootballLeaguesAppUITests;
			productReference = 31D57A8528954B1900CC6301 /* FootballLeaguesAppUITests.xctest */;
			productType = "com.apple.product-type.bundle.ui-testing";
		};
/* End PBXNativeTarget section */

/* Begin PBXProject section */
		31D57A5A28954B1900CC6301 /* Project object */ = {
			isa = PBXProject;
			attributes = {
				BuildIndependentTargetsInParallel = 1;
				LastSwiftUpdateCheck = 1330;
				LastUpgradeCheck = 1330;
				TargetAttributes = {
					31D57A6128954B1900CC6301 = {
						CreatedOnToolsVersion = 13.3;
					};
					31D57A7A28954B1900CC6301 = {
						CreatedOnToolsVersion = 13.3;
						TestTargetID = 31D57A6128954B1900CC6301;
					};
					31D57A8428954B1900CC6301 = {
						CreatedOnToolsVersion = 13.3;
						TestTargetID = 31D57A6128954B1900CC6301;
					};
				};
			};
			buildConfigurationList = 31D57A5D28954B1900CC6301 /* Build configuration list for PBXProject "FootballLeaguesApp" */;
			compatibilityVersion = "Xcode 13.0";
			developmentRegion = en;
			hasScannedForEncodings = 0;
			knownRegions = (
				en,
				Base,
			);
			mainGroup = 31D57A5928954B1900CC6301;
			productRefGroup = 31D57A6328954B1900CC6301 /* Products */;
			projectDirPath = "";
			projectRoot = "";
			targets = (
				31D57A6128954B1900CC6301 /* FootballLeaguesApp */,
				31D57A7A28954B1900CC6301 /* FootballLeaguesAppTests */,
				31D57A8428954B1900CC6301 /* FootballLeaguesAppUITests */,
			);
		};
/* End PBXProject section */

/* Begin PBXResourcesBuildPhase section */
		31D57A6028954B1900CC6301 /* Resources */ = {
			isa = PBXResourcesBuildPhase;
			buildActionMask = 2147483647;
			files = (
				31D57A7528954B1900CC6301 /* LaunchScreen.storyboard in Resources */,
				31D57A7228954B1900CC6301 /* Assets.xcassets in Resources */,
			);
			runOnlyForDeploymentPostprocessing = 0;
		};
		31D57A7928954B1900CC6301 /* Resources */ = {
			isa = PBXResourcesBuildPhase;
			buildActionMask = 2147483647;
			files = (
			);
			runOnlyForDeploymentPostprocessing = 0;
		};
		31D57A8328954B1900CC6301 /* Resources */ = {
			isa = PBXResourcesBuildPhase;
			buildActionMask = 2147483647;
			files = (
			);
			runOnlyForDeploymentPostprocessing = 0;
		};
/* End PBXResourcesBuildPhase section */

/* Begin PBXSourcesBuildPhase section */
		31D57A5E28954B1900CC6301 /* Sources */ = {
			isa = PBXSourcesBuildPhase;
			buildActionMask = 2147483647;
			files = (
				31D57AA428954EDE00CC6301 /* LeaguesPresenterLogic.swift in Sources */,
				31D57AC82895599800CC6301 /* SeasonCell.swift in Sources */,
				31F7F2D5289579410059FCF5 /* NetworkManager.swift in Sources */,
				31D57AB528954FC100CC6301 /* SeasonsViewController.swift in Sources */,
				31F7F2DC289585040059FCF5 /* NetworkServiceConstants.swift in Sources */,
				31F7F2FA2895B25B0059FCF5 /* DateHelper.swift in Sources */,
				31DBF353289602D800B133E6 /* StatsView.swift in Sources */,
				31F7F2E62895A4480059FCF5 /* BaseViewController.swift in Sources */,
				31D57AA228954ECF00CC6301 /* LeaguesDisplayLogic.swift in Sources */,
				31DBF35E289690DF00B133E6 /* SeasonPicker.swift in Sources */,
				31F7F2F82895A9540059FCF5 /* StatsCellModel.swift in Sources */,
				31D57A7028954B1900CC6301 /* FootballLeaguesApp.xcdatamodeld in Sources */,
				31DBF3512895FA1000B133E6 /* ImageCache.swift in Sources */,
				31D57A6628954B1900CC6301 /* AppDelegate.swift in Sources */,
				31D57AB828954FD900CC6301 /* StatsDisplayLogic.swift in Sources */,
				31F7F2E4289598EF0059FCF5 /* ImageView+ext.swift in Sources */,
				31D57AC02895500500CC6301 /* StatsViewController.swift in Sources */,
				31D57AA628954EF200CC6301 /* LeaguesAssembly.swift in Sources */,
				31D57AC62895598600CC6301 /* StatsCell.swift in Sources */,
				31F7F2D2289578110059FCF5 /* LeagueResponse.swift in Sources */,
				31D57ABE28954FFC00CC6301 /* StatsPresenter.swift in Sources */,
				31F7F2DA289580430059FCF5 /* StandingsResponse.swift in Sources */,
				31F7F2F62895A94A0059FCF5 /* SeasonCellModel.swift in Sources */,
				31DBF355289602ED00B133E6 /* StatsView+Model.swift in Sources */,
				31D57A6828954B1900CC6301 /* SceneDelegate.swift in Sources */,
				31D57ABA28954FE800CC6301 /* StatsPresenterLogic.swift in Sources */,
				31D57AA828954EFD00CC6301 /* LeaguesPresenter.swift in Sources */,
				31DBF34F2895E22400B133E6 /* StatsTitle.swift in Sources */,
				31D57AB328954FB500CC6301 /* SeasonsAssembly.swift in Sources */,
				31F7F2F22895A92D0059FCF5 /* LeagueCellModel.swift in Sources */,
				31D57AAD28954F8800CC6301 /* SeasonsDisplayLogic.swift in Sources */,
				31F7F2E1289596390059FCF5 /* TextHelper.swift in Sources */,
				31DBF3472895DD4300B133E6 /* NoteStatus.swift in Sources */,
				31D57ABC28954FF300CC6301 /* StatsAssembly.swift in Sources */,
				31F7F2D828957CF70059FCF5 /* SeasonsResponse.swift in Sources */,
				31DBF3612896917C00B133E6 /* SeasonPicker+Model.swift in Sources */,
				31F7F2EE2895A8F80059FCF5 /* SeasonsModel.swift in Sources */,
				31DBF3392895C8E800B133E6 /* ColorHelper.swift in Sources */,
				31D57AB128954F9F00CC6301 /* SeasonsPresenter.swift in Sources */,
				31DBF3582896794800B133E6 /* NavigationClickableView.swift in Sources */,
				31D57AAA28954F0E00CC6301 /* LeaguesViewController.swift in Sources */,
				31DBF33B2895CA9C00B133E6 /* UIView+ext.swift in Sources */,
				31D57ACA289559A700CC6301 /* LeagueCell.swift in Sources */,
				31D57AAF28954F9500CC6301 /* SeasonsPresenterLogic.swift in Sources */,
				31F7F2F02895A91A0059FCF5 /* StatsModel.swift in Sources */,
			);
			runOnlyForDeploymentPostprocessing = 0;
		};
		31D57A7728954B1900CC6301 /* Sources */ = {
			isa = PBXSourcesBuildPhase;
			buildActionMask = 2147483647;
			files = (
				31D57A8028954B1900CC6301 /* FootballLeaguesAppTests.swift in Sources */,
			);
			runOnlyForDeploymentPostprocessing = 0;
		};
		31D57A8128954B1900CC6301 /* Sources */ = {
			isa = PBXSourcesBuildPhase;
			buildActionMask = 2147483647;
			files = (
				31D57A8C28954B1900CC6301 /* FootballLeaguesAppUITestsLaunchTests.swift in Sources */,
				31D57A8A28954B1900CC6301 /* FootballLeaguesAppUITests.swift in Sources */,
			);
			runOnlyForDeploymentPostprocessing = 0;
		};
/* End PBXSourcesBuildPhase section */

/* Begin PBXTargetDependency section */
		31D57A7D28954B1900CC6301 /* PBXTargetDependency */ = {
			isa = PBXTargetDependency;
			target = 31D57A6128954B1900CC6301 /* FootballLeaguesApp */;
			targetProxy = 31D57A7C28954B1900CC6301 /* PBXContainerItemProxy */;
		};
		31D57A8728954B1900CC6301 /* PBXTargetDependency */ = {
			isa = PBXTargetDependency;
			target = 31D57A6128954B1900CC6301 /* FootballLeaguesApp */;
			targetProxy = 31D57A8628954B1900CC6301 /* PBXContainerItemProxy */;
		};
/* End PBXTargetDependency section */

/* Begin PBXVariantGroup section */
		31D57A7328954B1900CC6301 /* LaunchScreen.storyboard */ = {
			isa = PBXVariantGroup;
			children = (
				31D57A7428954B1900CC6301 /* Base */,
			);
			name = LaunchScreen.storyboard;
			sourceTree = "<group>";
		};
/* End PBXVariantGroup section */

/* Begin XCBuildConfiguration section */
		31D57A8D28954B1900CC6301 /* Debug */ = {
			isa = XCBuildConfiguration;
			buildSettings = {
				ALWAYS_SEARCH_USER_PATHS = NO;
				CLANG_ANALYZER_NONNULL = YES;
				CLANG_ANALYZER_NUMBER_OBJECT_CONVERSION = YES_AGGRESSIVE;
				CLANG_CXX_LANGUAGE_STANDARD = "gnu++17";
				CLANG_ENABLE_MODULES = YES;
				CLANG_ENABLE_OBJC_ARC = YES;
				CLANG_ENABLE_OBJC_WEAK = YES;
				CLANG_WARN_BLOCK_CAPTURE_AUTORELEASING = YES;
				CLANG_WARN_BOOL_CONVERSION = YES;
				CLANG_WARN_COMMA = YES;
				CLANG_WARN_CONSTANT_CONVERSION = YES;
				CLANG_WARN_DEPRECATED_OBJC_IMPLEMENTATIONS = YES;
				CLANG_WARN_DIRECT_OBJC_ISA_USAGE = YES_ERROR;
				CLANG_WARN_DOCUMENTATION_COMMENTS = YES;
				CLANG_WARN_EMPTY_BODY = YES;
				CLANG_WARN_ENUM_CONVERSION = YES;
				CLANG_WARN_INFINITE_RECURSION = YES;
				CLANG_WARN_INT_CONVERSION = YES;
				CLANG_WARN_NON_LITERAL_NULL_CONVERSION = YES;
				CLANG_WARN_OBJC_IMPLICIT_RETAIN_SELF = YES;
				CLANG_WARN_OBJC_LITERAL_CONVERSION = YES;
				CLANG_WARN_OBJC_ROOT_CLASS = YES_ERROR;
				CLANG_WARN_QUOTED_INCLUDE_IN_FRAMEWORK_HEADER = YES;
				CLANG_WARN_RANGE_LOOP_ANALYSIS = YES;
				CLANG_WARN_STRICT_PROTOTYPES = YES;
				CLANG_WARN_SUSPICIOUS_MOVE = YES;
				CLANG_WARN_UNGUARDED_AVAILABILITY = YES_AGGRESSIVE;
				CLANG_WARN_UNREACHABLE_CODE = YES;
				CLANG_WARN__DUPLICATE_METHOD_MATCH = YES;
				COPY_PHASE_STRIP = NO;
				DEBUG_INFORMATION_FORMAT = dwarf;
				ENABLE_STRICT_OBJC_MSGSEND = YES;
				ENABLE_TESTABILITY = YES;
				GCC_C_LANGUAGE_STANDARD = gnu11;
				GCC_DYNAMIC_NO_PIC = NO;
				GCC_NO_COMMON_BLOCKS = YES;
				GCC_OPTIMIZATION_LEVEL = 0;
				GCC_PREPROCESSOR_DEFINITIONS = (
					"DEBUG=1",
					"$(inherited)",
				);
				GCC_WARN_64_TO_32_BIT_CONVERSION = YES;
				GCC_WARN_ABOUT_RETURN_TYPE = YES_ERROR;
				GCC_WARN_UNDECLARED_SELECTOR = YES;
				GCC_WARN_UNINITIALIZED_AUTOS = YES_AGGRESSIVE;
				GCC_WARN_UNUSED_FUNCTION = YES;
				GCC_WARN_UNUSED_VARIABLE = YES;
				IPHONEOS_DEPLOYMENT_TARGET = 15.4;
				MTL_ENABLE_DEBUG_INFO = INCLUDE_SOURCE;
				MTL_FAST_MATH = YES;
				ONLY_ACTIVE_ARCH = YES;
				SDKROOT = iphoneos;
				SWIFT_ACTIVE_COMPILATION_CONDITIONS = DEBUG;
				SWIFT_OPTIMIZATION_LEVEL = "-Onone";
			};
			name = Debug;
		};
		31D57A8E28954B1900CC6301 /* Release */ = {
			isa = XCBuildConfiguration;
			buildSettings = {
				ALWAYS_SEARCH_USER_PATHS = NO;
				CLANG_ANALYZER_NONNULL = YES;
				CLANG_ANALYZER_NUMBER_OBJECT_CONVERSION = YES_AGGRESSIVE;
				CLANG_CXX_LANGUAGE_STANDARD = "gnu++17";
				CLANG_ENABLE_MODULES = YES;
				CLANG_ENABLE_OBJC_ARC = YES;
				CLANG_ENABLE_OBJC_WEAK = YES;
				CLANG_WARN_BLOCK_CAPTURE_AUTORELEASING = YES;
				CLANG_WARN_BOOL_CONVERSION = YES;
				CLANG_WARN_COMMA = YES;
				CLANG_WARN_CONSTANT_CONVERSION = YES;
				CLANG_WARN_DEPRECATED_OBJC_IMPLEMENTATIONS = YES;
				CLANG_WARN_DIRECT_OBJC_ISA_USAGE = YES_ERROR;
				CLANG_WARN_DOCUMENTATION_COMMENTS = YES;
				CLANG_WARN_EMPTY_BODY = YES;
				CLANG_WARN_ENUM_CONVERSION = YES;
				CLANG_WARN_INFINITE_RECURSION = YES;
				CLANG_WARN_INT_CONVERSION = YES;
				CLANG_WARN_NON_LITERAL_NULL_CONVERSION = YES;
				CLANG_WARN_OBJC_IMPLICIT_RETAIN_SELF = YES;
				CLANG_WARN_OBJC_LITERAL_CONVERSION = YES;
				CLANG_WARN_OBJC_ROOT_CLASS = YES_ERROR;
				CLANG_WARN_QUOTED_INCLUDE_IN_FRAMEWORK_HEADER = YES;
				CLANG_WARN_RANGE_LOOP_ANALYSIS = YES;
				CLANG_WARN_STRICT_PROTOTYPES = YES;
				CLANG_WARN_SUSPICIOUS_MOVE = YES;
				CLANG_WARN_UNGUARDED_AVAILABILITY = YES_AGGRESSIVE;
				CLANG_WARN_UNREACHABLE_CODE = YES;
				CLANG_WARN__DUPLICATE_METHOD_MATCH = YES;
				COPY_PHASE_STRIP = NO;
				DEBUG_INFORMATION_FORMAT = "dwarf-with-dsym";
				ENABLE_NS_ASSERTIONS = NO;
				ENABLE_STRICT_OBJC_MSGSEND = YES;
				GCC_C_LANGUAGE_STANDARD = gnu11;
				GCC_NO_COMMON_BLOCKS = YES;
				GCC_WARN_64_TO_32_BIT_CONVERSION = YES;
				GCC_WARN_ABOUT_RETURN_TYPE = YES_ERROR;
				GCC_WARN_UNDECLARED_SELECTOR = YES;
				GCC_WARN_UNINITIALIZED_AUTOS = YES_AGGRESSIVE;
				GCC_WARN_UNUSED_FUNCTION = YES;
				GCC_WARN_UNUSED_VARIABLE = YES;
				IPHONEOS_DEPLOYMENT_TARGET = 15.4;
				MTL_ENABLE_DEBUG_INFO = NO;
				MTL_FAST_MATH = YES;
				SDKROOT = iphoneos;
				SWIFT_COMPILATION_MODE = wholemodule;
				SWIFT_OPTIMIZATION_LEVEL = "-O";
				VALIDATE_PRODUCT = YES;
			};
			name = Release;
		};
		31D57A9028954B1900CC6301 /* Debug */ = {
			isa = XCBuildConfiguration;
			buildSettings = {
				ASSETCATALOG_COMPILER_APPICON_NAME = AppIcon;
				ASSETCATALOG_COMPILER_GLOBAL_ACCENT_COLOR_NAME = AccentColor;
				CODE_SIGN_STYLE = Automatic;
				CURRENT_PROJECT_VERSION = 1;
				DEVELOPMENT_TEAM = 2W9YA7539F;
				GENERATE_INFOPLIST_FILE = YES;
				INFOPLIST_FILE = FootballLeaguesApp/Application/Info.plist;
				INFOPLIST_KEY_UIApplicationSupportsIndirectInputEvents = YES;
				INFOPLIST_KEY_UILaunchStoryboardName = LaunchScreen;
				INFOPLIST_KEY_UISupportedInterfaceOrientations_iPad = "UIInterfaceOrientationPortrait UIInterfaceOrientationPortraitUpsideDown UIInterfaceOrientationLandscapeLeft UIInterfaceOrientationLandscapeRight";
				INFOPLIST_KEY_UISupportedInterfaceOrientations_iPhone = "UIInterfaceOrientationPortrait UIInterfaceOrientationLandscapeLeft UIInterfaceOrientationLandscapeRight";
				LD_RUNPATH_SEARCH_PATHS = (
					"$(inherited)",
					"@executable_path/Frameworks",
				);
				MARKETING_VERSION = 1.0;
				PRODUCT_BUNDLE_IDENTIFIER = maskoks.FootballLeaguesApp;
				PRODUCT_NAME = "$(TARGET_NAME)";
				SWIFT_EMIT_LOC_STRINGS = YES;
				SWIFT_VERSION = 5.0;
				TARGETED_DEVICE_FAMILY = "1,2";
			};
			name = Debug;
		};
		31D57A9128954B1900CC6301 /* Release */ = {
			isa = XCBuildConfiguration;
			buildSettings = {
				ASSETCATALOG_COMPILER_APPICON_NAME = AppIcon;
				ASSETCATALOG_COMPILER_GLOBAL_ACCENT_COLOR_NAME = AccentColor;
				CODE_SIGN_STYLE = Automatic;
				CURRENT_PROJECT_VERSION = 1;
				DEVELOPMENT_TEAM = 2W9YA7539F;
				GENERATE_INFOPLIST_FILE = YES;
				INFOPLIST_FILE = FootballLeaguesApp/Application/Info.plist;
				INFOPLIST_KEY_UIApplicationSupportsIndirectInputEvents = YES;
				INFOPLIST_KEY_UILaunchStoryboardName = LaunchScreen;
				INFOPLIST_KEY_UISupportedInterfaceOrientations_iPad = "UIInterfaceOrientationPortrait UIInterfaceOrientationPortraitUpsideDown UIInterfaceOrientationLandscapeLeft UIInterfaceOrientationLandscapeRight";
				INFOPLIST_KEY_UISupportedInterfaceOrientations_iPhone = "UIInterfaceOrientationPortrait UIInterfaceOrientationLandscapeLeft UIInterfaceOrientationLandscapeRight";
				LD_RUNPATH_SEARCH_PATHS = (
					"$(inherited)",
					"@executable_path/Frameworks",
				);
				MARKETING_VERSION = 1.0;
				PRODUCT_BUNDLE_IDENTIFIER = maskoks.FootballLeaguesApp;
				PRODUCT_NAME = "$(TARGET_NAME)";
				SWIFT_EMIT_LOC_STRINGS = YES;
				SWIFT_VERSION = 5.0;
				TARGETED_DEVICE_FAMILY = "1,2";
			};
			name = Release;
		};
		31D57A9328954B1900CC6301 /* Debug */ = {
			isa = XCBuildConfiguration;
			buildSettings = {
				ALWAYS_EMBED_SWIFT_STANDARD_LIBRARIES = YES;
				BUNDLE_LOADER = "$(TEST_HOST)";
				CODE_SIGN_STYLE = Automatic;
				CURRENT_PROJECT_VERSION = 1;
				DEVELOPMENT_TEAM = 2W9YA7539F;
				GENERATE_INFOPLIST_FILE = YES;
				IPHONEOS_DEPLOYMENT_TARGET = 15.4;
				MARKETING_VERSION = 1.0;
				PRODUCT_BUNDLE_IDENTIFIER = maskoks.FootballLeaguesAppTests;
				PRODUCT_NAME = "$(TARGET_NAME)";
				SWIFT_EMIT_LOC_STRINGS = NO;
				SWIFT_VERSION = 5.0;
				TARGETED_DEVICE_FAMILY = "1,2";
				TEST_HOST = "$(BUILT_PRODUCTS_DIR)/FootballLeaguesApp.app/FootballLeaguesApp";
			};
			name = Debug;
		};
		31D57A9428954B1900CC6301 /* Release */ = {
			isa = XCBuildConfiguration;
			buildSettings = {
				ALWAYS_EMBED_SWIFT_STANDARD_LIBRARIES = YES;
				BUNDLE_LOADER = "$(TEST_HOST)";
				CODE_SIGN_STYLE = Automatic;
				CURRENT_PROJECT_VERSION = 1;
				DEVELOPMENT_TEAM = 2W9YA7539F;
				GENERATE_INFOPLIST_FILE = YES;
				IPHONEOS_DEPLOYMENT_TARGET = 15.4;
				MARKETING_VERSION = 1.0;
				PRODUCT_BUNDLE_IDENTIFIER = maskoks.FootballLeaguesAppTests;
				PRODUCT_NAME = "$(TARGET_NAME)";
				SWIFT_EMIT_LOC_STRINGS = NO;
				SWIFT_VERSION = 5.0;
				TARGETED_DEVICE_FAMILY = "1,2";
				TEST_HOST = "$(BUILT_PRODUCTS_DIR)/FootballLeaguesApp.app/FootballLeaguesApp";
			};
			name = Release;
		};
		31D57A9628954B1900CC6301 /* Debug */ = {
			isa = XCBuildConfiguration;
			buildSettings = {
				ALWAYS_EMBED_SWIFT_STANDARD_LIBRARIES = YES;
				CODE_SIGN_STYLE = Automatic;
				CURRENT_PROJECT_VERSION = 1;
				DEVELOPMENT_TEAM = 2W9YA7539F;
				GENERATE_INFOPLIST_FILE = YES;
				MARKETING_VERSION = 1.0;
				PRODUCT_BUNDLE_IDENTIFIER = maskoks.FootballLeaguesAppUITests;
				PRODUCT_NAME = "$(TARGET_NAME)";
				SWIFT_EMIT_LOC_STRINGS = NO;
				SWIFT_VERSION = 5.0;
				TARGETED_DEVICE_FAMILY = "1,2";
				TEST_TARGET_NAME = FootballLeaguesApp;
			};
			name = Debug;
		};
		31D57A9728954B1900CC6301 /* Release */ = {
			isa = XCBuildConfiguration;
			buildSettings = {
				ALWAYS_EMBED_SWIFT_STANDARD_LIBRARIES = YES;
				CODE_SIGN_STYLE = Automatic;
				CURRENT_PROJECT_VERSION = 1;
				DEVELOPMENT_TEAM = 2W9YA7539F;
				GENERATE_INFOPLIST_FILE = YES;
				MARKETING_VERSION = 1.0;
				PRODUCT_BUNDLE_IDENTIFIER = maskoks.FootballLeaguesAppUITests;
				PRODUCT_NAME = "$(TARGET_NAME)";
				SWIFT_EMIT_LOC_STRINGS = NO;
				SWIFT_VERSION = 5.0;
				TARGETED_DEVICE_FAMILY = "1,2";
				TEST_TARGET_NAME = FootballLeaguesApp;
			};
			name = Release;
		};
/* End XCBuildConfiguration section */

/* Begin XCConfigurationList section */
		31D57A5D28954B1900CC6301 /* Build configuration list for PBXProject "FootballLeaguesApp" */ = {
			isa = XCConfigurationList;
			buildConfigurations = (
				31D57A8D28954B1900CC6301 /* Debug */,
				31D57A8E28954B1900CC6301 /* Release */,
			);
			defaultConfigurationIsVisible = 0;
			defaultConfigurationName = Release;
		};
		31D57A8F28954B1900CC6301 /* Build configuration list for PBXNativeTarget "FootballLeaguesApp" */ = {
			isa = XCConfigurationList;
			buildConfigurations = (
				31D57A9028954B1900CC6301 /* Debug */,
				31D57A9128954B1900CC6301 /* Release */,
			);
			defaultConfigurationIsVisible = 0;
			defaultConfigurationName = Release;
		};
		31D57A9228954B1900CC6301 /* Build configuration list for PBXNativeTarget "FootballLeaguesAppTests" */ = {
			isa = XCConfigurationList;
			buildConfigurations = (
				31D57A9328954B1900CC6301 /* Debug */,
				31D57A9428954B1900CC6301 /* Release */,
			);
			defaultConfigurationIsVisible = 0;
			defaultConfigurationName = Release;
		};
		31D57A9528954B1900CC6301 /* Build configuration list for PBXNativeTarget "FootballLeaguesAppUITests" */ = {
			isa = XCConfigurationList;
			buildConfigurations = (
				31D57A9628954B1900CC6301 /* Debug */,
				31D57A9728954B1900CC6301 /* Release */,
			);
			defaultConfigurationIsVisible = 0;
			defaultConfigurationName = Release;
		};
/* End XCConfigurationList section */

/* Begin XCVersionGroup section */
		31D57A6E28954B1900CC6301 /* FootballLeaguesApp.xcdatamodeld */ = {
			isa = XCVersionGroup;
			children = (
				31D57A6F28954B1900CC6301 /* FootballLeaguesApp.xcdatamodel */,
			);
			currentVersion = 31D57A6F28954B1900CC6301 /* FootballLeaguesApp.xcdatamodel */;
			path = FootballLeaguesApp.xcdatamodeld;
			sourceTree = "<group>";
			versionGroupType = wrapper.xcdatamodel;
		};
/* End XCVersionGroup section */
	};
	rootObject = 31D57A5A28954B1900CC6301 /* Project object */;
}
